
Microsoft Visual Studio Solution File, Format Version 12.00
# Visual Studio Version 16
VisualStudioVersion = 16.0.31005.135
MinimumVisualStudioVersion = 10.0.40219.1
Project("{FAE04EC0-301F-11D3-BF4B-00C04F79EFBC}") = "HajosTeszt", "HajosTeszt\HajosTeszt.csproj", "{13BE9D90-F37C-4DB3-86D7-18E0B0D50D5C}"
EndProject
Global
	GlobalSection(SolutionConfigurationPlatforms) = preSolution
		Debug|Any CPU = Debug|Any CPU
		Release|Any CPU = Release|Any CPU
	EndGlobalSection
	GlobalSection(ProjectConfigurationPlatforms) = postSolution
		{13BE9D90-F37C-4DB3-86D7-18E0B0D50D5C}.Debug|Any CPU.ActiveCfg = Debug|Any CPU
		{13BE9D90-F37C-4DB3-86D7-18E0B0D50D5C}.Debug|Any CPU.Build.0 = Debug|Any CPU
		{13BE9D90-F37C-4DB3-86D7-18E0B0D50D5C}.Release|Any CPU.ActiveCfg = Release|Any CPU
		{13BE9D90-F37C-4DB3-86D7-18E0B0D50D5C}.Release|Any CPU.Build.0 = Release|Any CPU
	EndGlobalSection
	GlobalSection(SolutionProperties) = preSolution
		HideSolutionNode = FALSE
	EndGlobalSection
	GlobalSection(ExtensibilityGlobals) = postSolution
		SolutionGuid = {35F3AEBF-4E59-4706-8687-1548F899BB80}
	EndGlobalSection
EndGlobal
